{"1.2.0",
[{<<"accept">>,{pkg,<<"accept">>,<<"0.3.5">>},1},
 {<<"acceptor_pool">>,{pkg,<<"acceptor_pool">>,<<"1.0.0">>},2},
 {<<"base64url">>,{pkg,<<"base64url">>,<<"1.0.1">>},1},
 {<<"cache_tab">>,{pkg,<<"cache_tab">>,<<"1.0.30">>},1},
 {<<"chatterbox">>,{pkg,<<"ts_chatterbox">>,<<"0.13.0">>},2},
 {<<"cowboy">>,{pkg,<<"cowboy">>,<<"2.11.0">>},0},
 {<<"cowlib">>,{pkg,<<"cowlib">>,<<"2.12.1">>},1},
 {<<"ctx">>,{pkg,<<"ctx">>,<<"0.6.0">>},2},
 {<<"eimp">>,{pkg,<<"eimp">>,<<"1.0.22">>},1},
 {<<"ejabberd">>,
  {git,"https://github.com/processone/ejabberd.git",
       {ref,"1639471250b4c8ead55c1699bab43efecd3bd8c3"}},
  0},
 {<<"emqtt">>,
  {git,"https://github.com/emqx/emqtt.git",
       {ref,"c815a18f9be46a7cace5620ef42aec468fc47552"}},
  0},
 {<<"erlang_uuid">>,
  {git,"https://github.com/avtobiff/erlang-uuid.git",
       {ref,"cb02a2039a9b29dd2eef0446039c9c6e164df9ef"}},
  0},
 {<<"erlog">>,
  {git,"https://github.com/rvirding/erlog.git",
       {ref,"26ac2415c673683d7c816e3168048be012c86735"}},
  0},
 {<<"ezlib">>,{pkg,<<"ezlib">>,<<"1.0.12">>},2},
 {<<"fast_tls">>,{pkg,<<"fast_tls">>,<<"1.1.19">>},1},
 {<<"fast_xml">>,{pkg,<<"fast_xml">>,<<"1.1.51">>},1},
 {<<"fast_yaml">>,{pkg,<<"fast_yaml">>,<<"1.0.36">>},1},
 {<<"getopt">>,{pkg,<<"getopt">>,<<"1.0.2">>},1},
 {<<"gproc">>,{pkg,<<"gproc">>,<<"0.9.1">>},0},
 {<<"grpcbox">>,{pkg,<<"grpcbox">>,<<"0.16.0">>},1},
 {<<"gun">>,
  {git,"https://github.com/emqx/gun",
       {ref,"4faea40b9a8ca1eac5288355f8202e0cea379d50"}},
  1},
 {<<"hpack">>,{pkg,<<"hpack_erl">>,<<"0.2.3">>},3},
 {<<"idna">>,{pkg,<<"idna">>,<<"6.0.0">>},1},
 {<<"jiffy">>,{pkg,<<"jiffy">>,<<"1.1.1">>},0},
 {<<"jose">>,{pkg,<<"jose">>,<<"1.11.5">>},1},
 {<<"jsonlog">>,{pkg,<<"jsonlog">>,<<"0.1.0">>},0},
 {<<"merge_index">>,
  {git,"https://github.com/netboz/merge_index.git",
       {ref,"c6aebacb99e0456de3c9ae3e6e9bc09f7dbcef0a"}},
  0},
 {<<"mqtree">>,{pkg,<<"mqtree">>,<<"1.0.16">>},1},
 {<<"opentelemetry">>,
  {git_subdir,"http://github.com/open-telemetry/opentelemetry-erlang",
              {ref,"63d338abfac24d4570dde6d4c2c83102a5cbe6d1"},
              "apps/opentelemetry"},
  0},
 {<<"opentelemetry_api">>,
  {git_subdir,"http://github.com/open-telemetry/opentelemetry-erlang",
              {ref,"63d338abfac24d4570dde6d4c2c83102a5cbe6d1"},
              "apps/opentelemetry_api"},
  0},
 {<<"opentelemetry_exporter">>,
  {git_subdir,"http://github.com/open-telemetry/opentelemetry-erlang",
              {ref,"63d338abfac24d4570dde6d4c2c83102a5cbe6d1"},
              "apps/opentelemetry_exporter"},
  0},
 {<<"opentelemetry_semantic_conventions">>,
  {pkg,<<"opentelemetry_semantic_conventions">>,<<"0.2.0">>},
  1},
 {<<"p1_acme">>,{pkg,<<"p1_acme">>,<<"1.0.22">>},1},
 {<<"p1_oauth2">>,{pkg,<<"p1_oauth2">>,<<"0.6.14">>},1},
 {<<"p1_utils">>,{pkg,<<"p1_utils">>,<<"1.0.25">>},1},
 {<<"pkix">>,{pkg,<<"pkix">>,<<"1.0.9">>},1},
 {<<"prometheus">>,{pkg,<<"prometheus">>,<<"4.11.0">>},0},
 {<<"prometheus_httpd">>,{pkg,<<"prometheus_httpd">>,<<"2.1.11">>},0},
 {<<"quantile_estimator">>,{pkg,<<"quantile_estimator">>,<<"0.2.1">>},1},
 {<<"quickrand">>,
  {git,"https://github.com/okeuday/quickrand.git",
       {ref,"8c9204a5b6cc9462225adebf3636e1335e7d3589"}},
  0},
 {<<"ranch">>,{pkg,<<"ranch">>,<<"1.8.0">>},1},
 {<<"riak_dt">>,
  {git,"https://github.com/basho/riak_dt.git",
       {ref,"c2a3e1b8e3bc6f586f181558396683137ebe8c87"}},
  0},
 {<<"ssl_verify_fun">>,{pkg,<<"ssl_verify_fun">>,<<"1.1.7">>},2},
 {<<"stringprep">>,{pkg,<<"stringprep">>,<<"1.0.29">>},1},
 {<<"tls_certificate_check">>,
  {pkg,<<"tls_certificate_check">>,<<"1.20.0">>},
  1},
 {<<"unicode_util_compat">>,{pkg,<<"unicode_util_compat">>,<<"0.4.1">>},2},
 {<<"uuid">>,
  {git,"https://github.com/avtobiff/erlang-uuid.git",
       {ref,"cb02a2039a9b29dd2eef0446039c9c6e164df9ef"}},
  0},
 {<<"xmpp">>,{pkg,<<"xmpp">>,<<"1.8.1">>},1},
 {<<"yconf">>,{pkg,<<"yconf">>,<<"1.0.15">>},1}]}.
[
{pkg_hash,[
 {<<"accept">>, <<"B33B127ABCA7CC948BBE6CAA4C263369ABF1347CFA9D8E699C6D214660F10CD1">>},
 {<<"acceptor_pool">>, <<"43C20D2ACAE35F0C2BCD64F9D2BDE267E459F0F3FD23DAB26485BF518C281B21">>},
 {<<"base64url">>, <<"F8C7F2DA04CA9A5D0F5F50258F055E1D699F0E8BF4CFDB30B750865368403CF6">>},
 {<<"cache_tab">>, <<"6D35EECFB65FBE5FC85988503A27338D32DE01243F3FC8EA3EE7161AF08725A4">>},
 {<<"chatterbox">>, <<"6F059D97BCAA758B8EA6FFFE2B3B81362BD06B639D3EA2BB088335511D691EBF">>},
 {<<"cowboy">>, <<"356BF784599CF6F2CDC6AD12FDCFB8413C2D35DAB58404CF000E1FEAED3F5645">>},
 {<<"cowlib">>, <<"A9FA9A625F1D2025FE6B462CB865881329B5CAFF8F1854D1CBC9F9533F00E1E1">>},
 {<<"ctx">>, <<"8FF88B70E6400C4DF90142E7F130625B82086077A45364A78D208ED3ED53C7FE">>},
 {<<"eimp">>, <<"FA9B376EF0B50E8455DB15C7C11DEA4522C6902E04412288AAB436D26335F6EB">>},
 {<<"ezlib">>, <<"FFE906BA10D03AAEE7977E1E0E81D9FFC3BB8B47FB9CD8E2E453507A2E56221F">>},
 {<<"fast_tls">>, <<"F52731A4B35259FA06CF23E2A0732920AD9EFCE7C3D68377F129A474998747BB">>},
 {<<"fast_xml">>, <<"A7F8C6942591632309099386D5C339C89997AC2BBDD1216F6C196DEE6D7828A9">>},
 {<<"fast_yaml">>, <<"65413A34A570FD4E205A460BA602E4EE7A682F35C22D2E1C839025DBF515105C">>},
 {<<"getopt">>, <<"33D9B44289FE7AD08627DDFE1D798E30B2DA0033B51DA1B3A2D64E72CD581D02">>},
 {<<"gproc">>, <<"F1DF0364423539CF0B80E8201C8B1839E229E5F9B3CCB944C5834626998F5B8C">>},
 {<<"grpcbox">>, <<"B83F37C62D6EECA347B77F9B1EC7E9F62231690CDFEB3A31BE07CD4002BA9C82">>},
 {<<"hpack">>, <<"17670F83FF984AE6CD74B1C456EDDE906D27FF013740EE4D9EFAA4F1BF999633">>},
 {<<"idna">>, <<"689C46CBCDF3524C44D5F3DDE8001F364CD7608A99556D8FBD8239A5798D4C10">>},
 {<<"jiffy">>, <<"ACA10F47AA91697BF24AB9582C74E00E8E95474C7EF9F76D4F1A338D0F5DE21B">>},
 {<<"jose">>, <<"3BC2D75FFA5E2C941CA93E5696B54978323191988EB8D225C2E663DDFEFD515E">>},
 {<<"jsonlog">>, <<"2891C7CF065A0EC1C0B165D624F0C341BD3F3868D47E3D2532BF9936878DEE17">>},
 {<<"mqtree">>, <<"F8F8B4971E4CA94313BA9BCAAA1AA1077DAABA5E3FD3468FFB491420A4CC3593">>},
 {<<"opentelemetry_semantic_conventions">>, <<"B67FE459C2938FCAB341CB0951C44860C62347C005ACE1B50F8402576F241435">>},
 {<<"p1_acme">>, <<"B40A8031EF0F4592E97E6A8E08E53DBD31A2198CB8377B249F0CAEA4F8025A1D">>},
 {<<"p1_oauth2">>, <<"1C5F82535574DE87E2059695AC4B91F8F9AEBACBC1C80287DAE6F02552D47AEA">>},
 {<<"p1_utils">>, <<"2D39B5015A567BBD2CC7033EEB93A7C60D8C84EFE1EF69A3473FAA07FA268187">>},
 {<<"pkix">>, <<"EB20B2715D71A23B4FE7E754DAE9281A964B51113D0BBA8ADF9DA72BF9D65AC2">>},
 {<<"prometheus">>, <<"B95F8DE8530F541BD95951E18E355A840003672E5EDA4788C5FA6183406BA29A">>},
 {<<"prometheus_httpd">>, <<"F616ED9B85B536B195D94104063025A91F904A4CFC20255363F49A197D96C896">>},
 {<<"quantile_estimator">>, <<"EF50A361F11B5F26B5F16D0696E46A9E4661756492C981F7B2229EF42FF1CD15">>},
 {<<"ranch">>, <<"8C7A100A139FD57F17327B6413E4167AC559FBC04CA7448E9BE9057311597A1D">>},
 {<<"ssl_verify_fun">>, <<"354C321CF377240C7B8716899E182CE4890C5938111A1296ADD3EC74CF1715DF">>},
 {<<"stringprep">>, <<"02F23E8C3A219A3DFE40A22E908BECE3A2F68AF0FF599EA8A7B714ECB21E62EE">>},
 {<<"tls_certificate_check">>, <<"1AC0C53F95E201FEB8D398EF9D764AE74175231289D89F166BA88A7F50CD8E73">>},
 {<<"unicode_util_compat">>, <<"D869E4C68901DD9531385BB0C8C40444EBF624E60B6962D95952775CAC5E90CD">>},
 {<<"xmpp">>, <<"134A350DBC6E2E99512FB38669191C1D1C134B3B6836F4C6740801882AFA650A">>},
 {<<"yconf">>, <<"E22998B3D7728270BDD06162A9515BD142B14FAE8927CBDBD3EF639C32AA6F7A">>}]},
{pkg_hash_ext,[
 {<<"accept">>, <<"11B18C220BCC2EAB63B5470C038EF10EB6783BCB1FCDB11AA4137DEFA5AC1BB8">>},
 {<<"acceptor_pool">>, <<"0CBCD83FDC8B9AD2EEE2067EF8B91A14858A5883CB7CD800E6FCD5803E158788">>},
 {<<"base64url">>, <<"F9B3ADD4731A02A9B0410398B475B33E7566A695365237A6BDEE1BB447719F5C">>},
 {<<"cache_tab">>, <<"6D8A5E00D8F84C42627706A6DBEDB02E34D58495F3ED61935C8475CA0531CDA0">>},
 {<<"chatterbox">>, <<"B93D19104D86AF0B3F2566C4CBA2A57D2E06D103728246BA1AC6C3C0FF010AA7">>},
 {<<"cowboy">>, <<"0FA395437F1B0E104E0E00999F39D2AC5F4082AC5049B67A5B6D56ECC31B1403">>},
 {<<"cowlib">>, <<"163B73F6367A7341B33C794C4E88E7DBFE6498AC42DCD69EF44C5BC5507C8DB0">>},
 {<<"ctx">>, <<"A14ED2D1B67723DBEBBE423B28D7615EB0BDCBA6FF28F2D1F1B0A7E1D4AA5FC2">>},
 {<<"eimp">>, <<"B3B9FFB1D9A5F4A2BA88AC418A819164932D9A9D3A2FC3D32CA338CE855C4392">>},
 {<<"ezlib">>, <<"30E94355FB42260AAB6E12582CB0C56BF233515E655C8AEAF48760E7561E4EBB">>},
 {<<"fast_tls">>, <<"DB34322C8782D4C5139CCB80709D8EC8C38089B44262EDD0C2F660AC495BD389">>},
 {<<"fast_xml">>, <<"7FCE41B7D1A4BA438A2D7A088DABE74A3CA0739F1AF2ABCB77E62DAF43E0409A">>},
 {<<"fast_yaml">>, <<"1ABE8F758FC2A86B08EDFF80BBC687CFD41EBC1412CFEC0EF4A0ACFCD032052F">>},
 {<<"getopt">>, <<"A0029AEA4322FB82A61F6876A6D9C66DC9878B6CB61FAA13DF3187384FD4EA26">>},
 {<<"gproc">>, <<"905088E32E72127ED9466F0BAC0D8E65704CA5E73EE5A62CB073C3117916D507">>},
 {<<"grpcbox">>, <<"294DF743AE20A7E030889F00644001370A4F7CE0121F3BBDAF13CF3169C62913">>},
 {<<"hpack">>, <<"06F580167C4B8B8A6429040DF36CC93BBA6D571FAEAEC1B28816523379CBB23A">>},
 {<<"idna">>, <<"4BDD305EB64E18B0273864920695CB18D7A2021F31A11B9C5FBCD9A253F936E2">>},
 {<<"jiffy">>, <<"62E1F0581C3C19C33A725C781DFA88410D8BFF1BBAFC3885A2552286B4785C4C">>},
 {<<"jose">>, <<"DCD3B215BAFE02EA7C5B23DAFD3EB8062A5CD8F2D904FD9CAA323D37034AB384">>},
 {<<"jsonlog">>, <<"63EAA347520C8541E62F3BF79747F432731986A5703D06D41554A67F592E1A59">>},
 {<<"mqtree">>, <<"C87D1C95575DB65AF29B795C9DAA3BED43F5C1BF84072A74469659BCF53594EB">>},
 {<<"opentelemetry_semantic_conventions">>, <<"D61FA1F5639EE8668D74B527E6806E0503EFC55A42DB7B5F39939D84C07D6895">>},
 {<<"p1_acme">>, <<"C2B25A7B295A435DAC4F278A73D8417FF2B0020C45E1683504E8692EF03E2057">>},
 {<<"p1_oauth2">>, <<"1FD3AC474E43722D9D5A87C6DF8D36F698ED87AF7BB81CBBB66361451D99AE8F">>},
 {<<"p1_utils">>, <<"9219214428F2C6E5D3187FF8EB9A8783695C2427420BE9A259840E07ADA32847">>},
 {<<"pkix">>, <<"DAAB2C09CDD4EDA05C9B45A5C00E994A1A5F27634929E1377E2E59B707103E3A">>},
 {<<"prometheus">>, <<"719862351AABF4DF7079B05DC085D2BBCBE3AC0AC3009E956671B1D5AB88247D">>},
 {<<"prometheus_httpd">>, <<"0BBE831452CFDF9588538EB2F570B26F30C348ADAE5E95A7D87F35A5910BCF92">>},
 {<<"quantile_estimator">>, <<"282A8A323CA2A845C9E6F787D166348F776C1D4A41EDE63046D72D422E3DA946">>},
 {<<"ranch">>, <<"49FBCFD3682FAB1F5D109351B61257676DA1A2FDBE295904176D5E521A2DDFE5">>},
 {<<"ssl_verify_fun">>, <<"FE4C190E8F37401D30167C8C405EDA19469F34577987C76DDE613E838BBC67F8">>},
 {<<"stringprep">>, <<"928EBA304C3006EB1512110EBD7B87DB163B00859A09375A1E4466152C6C462A">>},
 {<<"tls_certificate_check">>, <<"AB57B74B1A63DC5775650699A3EC032EC0065005EFF1F020818742B7312A8426">>},
 {<<"unicode_util_compat">>, <<"1D1848C40487CDB0B30E8ED975E34E025860C02E419CB615D255849F3427439D">>},
 {<<"xmpp">>, <<"32D4A308A6613E4E4155FA4E82ECCDC8833096D0FA8D99C8D428C800611E59D3">>},
 {<<"yconf">>, <<"7FF2AB24D3C9833842716B9AAAA01A8F96641A7695CBB701B03445C4DEF01117">>}]}
].
