{"1.2.0",
[{<<"accept">>,{pkg,<<"accept">>,<<"0.3.5">>},1},
 {<<"acceptor_pool">>,{pkg,<<"acceptor_pool">>,<<"1.0.0">>},2},
 {<<"chatterbox">>,{pkg,<<"ts_chatterbox">>,<<"0.15.1">>},2},
 {<<"clique">>,
  {git,"https://github.com/basho/clique.git",
       {ref,"3929fa5aeed341b407e16479626ff6b9dddf2ea3"}},
  0},
 {<<"cowboy">>,{pkg,<<"cowboy">>,<<"2.12.0">>},0},
 {<<"cowboy_telemetry">>,{pkg,<<"cowboy_telemetry">>,<<"0.4.0">>},1},
 {<<"cowlib">>,{pkg,<<"cowlib">>,<<"2.13.0">>},1},
 {<<"ctx">>,{pkg,<<"ctx">>,<<"0.6.0">>},2},
 {<<"cuttlefish">>,
  {git,"https://github.com/basho/cuttlefish.git",
       {ref,"cb3df6a917ee93374de2b881e138e3dc6e9bf5cf"}},
  1},
 {<<"eqwalizer_support">>,
  {git_subdir,"https://github.com/whatsapp/eqwalizer.git",
              {ref,"0c099bbfa2fba1869d60e239c9b2cf2b6fb31ea9"},
              "eqwalizer_support"},
  0},
 {<<"erlog">>,
  {git,"https://github.com/rvirding/erlog.git",
       {ref,"26ac2415c673683d7c816e3168048be012c86735"}},
  0},
 {<<"getopt">>,
  {git,"https://github.com/martinsumner/getopt.git",
       {ref,"5d2b27dab5d31669764dc759e44c2d96cac01a4e"}},
  2},
 {<<"gproc">>,{pkg,<<"gproc">>,<<"1.0.0">>},0},
 {<<"grpcbox">>,{pkg,<<"grpcbox">>,<<"0.17.1">>},1},
 {<<"hpack">>,{pkg,<<"hpack_erl">>,<<"0.3.0">>},3},
 {<<"jiffy">>,{pkg,<<"jiffy">>,<<"1.1.1">>},0},
 {<<"jobs">>,
  {git,"https://github.com/uwiger/jobs.git",
       {ref,"867ac4d33f50ce2628f68625568ebc25c5e38d97"}},
  0},
 {<<"jsonformat">>,
  {git,"https://github.com/kivra/jsonformat.git",
       {ref,"f2b724c7061e507887aac3aed270d677b8716a34"}},
  0},
 {<<"jsx">>,{pkg,<<"jsx">>,<<"3.1.0">>},1},
 {<<"lfe">>,{pkg,<<"lfe">>,<<"2.1.3">>},1},
 {<<"logjam">>,
  {git,"https://github.com/lfex/logjam.git",
       {ref,"8f6fe0ec6dd9a2c92e96373004e0f3fdbffd51db"}},
  0},
 {<<"opentelemetry">>,
  {git_subdir,"https://github.com/open-telemetry/opentelemetry-erlang",
              {ref,"d5677cb72b79029845690f351f76b8caec91ba68"},
              "apps/opentelemetry"},
  0},
 {<<"opentelemetry_api">>,
  {git_subdir,"https://github.com/open-telemetry/opentelemetry-erlang",
              {ref,"d5677cb72b79029845690f351f76b8caec91ba68"},
              "apps/opentelemetry_api"},
  0},
 {<<"opentelemetry_cowboy">>,{pkg,<<"opentelemetry_cowboy">>,<<"0.3.0">>},0},
 {<<"opentelemetry_exporter">>,
  {git_subdir,"https://github.com/open-telemetry/opentelemetry-erlang",
              {ref,"d5677cb72b79029845690f351f76b8caec91ba68"},
              "apps/opentelemetry_exporter"},
  0},
 {<<"opentelemetry_semantic_conventions">>,
  {pkg,<<"opentelemetry_semantic_conventions">>,<<"0.2.0">>},
  1},
 {<<"opentelemetry_telemetry">>,
  {pkg,<<"opentelemetry_telemetry">>,<<"1.1.1">>},
  1},
 {<<"parse_trans">>,{pkg,<<"parse_trans">>,<<"3.4.0">>},1},
 {<<"prometheus">>,{pkg,<<"prometheus">>,<<"4.11.0">>},0},
 {<<"prometheus_httpd">>,{pkg,<<"prometheus_httpd">>,<<"2.1.11">>},0},
 {<<"quantile_estimator">>,{pkg,<<"quantile_estimator">>,<<"0.2.1">>},1},
 {<<"quickrand">>,
  {git,"https://github.com/okeuday/quickrand.git",
       {ref,"8c9204a5b6cc9462225adebf3636e1335e7d3589"}},
  0},
 {<<"ranch">>,{pkg,<<"ranch">>,<<"2.1.0">>},0},
 {<<"riak_dt">>,
  {git,"https://github.com/basho/riak_dt.git",
       {ref,"c2a3e1b8e3bc6f586f181558396683137ebe8c87"}},
  0},
 {<<"setup">>,{pkg,<<"setup">>,<<"2.1.0">>},1},
 {<<"ssl_verify_fun">>,{pkg,<<"ssl_verify_fun">>,<<"1.1.7">>},2},
 {<<"telemetry">>,{pkg,<<"telemetry">>,<<"1.2.1">>},1},
 {<<"tls_certificate_check">>,
  {pkg,<<"tls_certificate_check">>,<<"1.22.1">>},
  1},
 {<<"ulid">>,
  {git,"https://github.com/savonarola/ulid.git",
       {ref,"b9e92f553b4f4a3254edd512397ff11a672fc288"}},
  0},
 {<<"uuid">>,
  {git,"https://github.com/avtobiff/erlang-uuid.git",
       {ref,"cb02a2039a9b29dd2eef0446039c9c6e164df9ef"}},
  0}]}.
[
{pkg_hash,[
 {<<"accept">>, <<"B33B127ABCA7CC948BBE6CAA4C263369ABF1347CFA9D8E699C6D214660F10CD1">>},
 {<<"acceptor_pool">>, <<"43C20D2ACAE35F0C2BCD64F9D2BDE267E459F0F3FD23DAB26485BF518C281B21">>},
 {<<"chatterbox">>, <<"5CAC4D15DD7AD61FC3C4415CE4826FC563D4643DEE897A558EC4EA0B1C835C9C">>},
 {<<"cowboy">>, <<"F276D521A1FF88B2B9B4C54D0E753DA6C66DD7BE6C9FCA3D9418B561828A3731">>},
 {<<"cowboy_telemetry">>, <<"F239F68B588EFA7707ABCE16A84D0D2ACF3A0F50571F8BB7F56A15865AAE820C">>},
 {<<"cowlib">>, <<"DB8F7505D8332D98EF50A3EF34B34C1AFDDEC7506E4EE4DD4A3A266285D282CA">>},
 {<<"ctx">>, <<"8FF88B70E6400C4DF90142E7F130625B82086077A45364A78D208ED3ED53C7FE">>},
 {<<"gproc">>, <<"AA9EC57F6C9FF065B16D96924168D7C7157CD1FD457680EFE4B1274F456FA500">>},
 {<<"grpcbox">>, <<"6E040AB3EF16FE699FFB513B0EF8E2E896DA7B18931A1EF817143037C454BCCE">>},
 {<<"hpack">>, <<"2461899CC4AB6A0EF8E970C1661C5FC6A52D3C25580BC6DD204F84CE94669926">>},
 {<<"jiffy">>, <<"ACA10F47AA91697BF24AB9582C74E00E8E95474C7EF9F76D4F1A338D0F5DE21B">>},
 {<<"jsx">>, <<"D12516BAA0BB23A59BB35DCCAF02A1BD08243FCBB9EFE24F2D9D056CCFF71268">>},
 {<<"lfe">>, <<"6EFCB2BBC1FFC21DC5D1C092F00EFDB397EAC889474AC5C86EDF78A3557CC730">>},
 {<<"opentelemetry_cowboy">>, <<"0144B211FA6CDA0E6211C340CEBD1BBD9158E350099EA3BF3D838F993CB4B90E">>},
 {<<"opentelemetry_semantic_conventions">>, <<"B67FE459C2938FCAB341CB0951C44860C62347C005ACE1B50F8402576F241435">>},
 {<<"opentelemetry_telemetry">>, <<"4A73BFA29D7780FFE33DB345465919CEF875034854649C37AC789EB8E8F38B21">>},
 {<<"parse_trans">>, <<"BB87AC362A03CA674EBB7D9D498F45C03256ADED7214C9101F7035EF44B798C7">>},
 {<<"prometheus">>, <<"B95F8DE8530F541BD95951E18E355A840003672E5EDA4788C5FA6183406BA29A">>},
 {<<"prometheus_httpd">>, <<"F616ED9B85B536B195D94104063025A91F904A4CFC20255363F49A197D96C896">>},
 {<<"quantile_estimator">>, <<"EF50A361F11B5F26B5F16D0696E46A9E4661756492C981F7B2229EF42FF1CD15">>},
 {<<"ranch">>, <<"2261F9ED9574DCFCC444106B9F6DA155E6E540B2F82BA3D42B339B93673B72A3">>},
 {<<"setup">>, <<"05F69185A5EB71474C9BC6BA892565651EC7507791F85632B7B914DBFE130510">>},
 {<<"ssl_verify_fun">>, <<"354C321CF377240C7B8716899E182CE4890C5938111A1296ADD3EC74CF1715DF">>},
 {<<"telemetry">>, <<"68FDFE8D8F05A8428483A97D7AAB2F268AAFF24B49E0F599FAA091F1D4E7F61C">>},
 {<<"tls_certificate_check">>, <<"0F450CC1568A67A65CE5E15DF53C53F9A098C3DA081C5F126199A72505858DC1">>}]},
{pkg_hash_ext,[
 {<<"accept">>, <<"11B18C220BCC2EAB63B5470C038EF10EB6783BCB1FCDB11AA4137DEFA5AC1BB8">>},
 {<<"acceptor_pool">>, <<"0CBCD83FDC8B9AD2EEE2067EF8B91A14858A5883CB7CD800E6FCD5803E158788">>},
 {<<"chatterbox">>, <<"4F75B91451338BC0DA5F52F3480FA6EF6E3A2AEECFC33686D6B3D0A0948F31AA">>},
 {<<"cowboy">>, <<"8A7ABE6D183372CEB21CAA2709BEC928AB2B72E18A3911AA1771639BEF82651E">>},
 {<<"cowboy_telemetry">>, <<"7D98BAC1EE4565D31B62D59F8823DFD8356A169E7FCBB83831B8A5397404C9DE">>},
 {<<"cowlib">>, <<"E1E1284DC3FC030A64B1AD0D8382AE7E99DA46C3246B815318A4B848873800A4">>},
 {<<"ctx">>, <<"A14ED2D1B67723DBEBBE423B28D7615EB0BDCBA6FF28F2D1F1B0A7E1D4AA5FC2">>},
 {<<"gproc">>, <<"109F253C2787DE8A371A51179D4973230CBEC6239EE673FA12216A5CE7E4F902">>},
 {<<"grpcbox">>, <<"4A3B5D7111DAABC569DC9CBD9B202A3237D81C80BF97212FBC676832CB0CEB17">>},
 {<<"hpack">>, <<"D6137D7079169D8C485C6962DFE261AF5B9EF60FBC557344511C1E65E3D95FB0">>},
 {<<"jiffy">>, <<"62E1F0581C3C19C33A725C781DFA88410D8BFF1BBAFC3885A2552286B4785C4C">>},
 {<<"jsx">>, <<"0C5CC8FDC11B53CC25CF65AC6705AD39E54ECC56D1C22E4ADB8F5A53FB9427F3">>},
 {<<"lfe">>, <<"4E4BAD515A169AE418FEB7374EA1C8D741FAEA9D95E266CE343B45BCC377F55B">>},
 {<<"opentelemetry_cowboy">>, <<"4F44537B4C7430018198D480F55BC88A40F7D0582C3AD927A5BAB4CEB39E80EA">>},
 {<<"opentelemetry_semantic_conventions">>, <<"D61FA1F5639EE8668D74B527E6806E0503EFC55A42DB7B5F39939D84C07D6895">>},
 {<<"opentelemetry_telemetry">>, <<"EE43B14E6866123A3EE1344E3C0D3D7591F4537542C2A925FCDBF46249C9B50B">>},
 {<<"parse_trans">>, <<"F99E368830BEA44552224E37E04943A54874F08B8590485DE8D13832B63A2DC3">>},
 {<<"prometheus">>, <<"719862351AABF4DF7079B05DC085D2BBCBE3AC0AC3009E956671B1D5AB88247D">>},
 {<<"prometheus_httpd">>, <<"0BBE831452CFDF9588538EB2F570B26F30C348ADAE5E95A7D87F35A5910BCF92">>},
 {<<"quantile_estimator">>, <<"282A8A323CA2A845C9E6F787D166348F776C1D4A41EDE63046D72D422E3DA946">>},
 {<<"ranch">>, <<"244EE3FA2A6175270D8E1FC59024FD9DBC76294A321057DE8F803B1479E76916">>},
 {<<"setup">>, <<"EFD072578F0CF85BEA96CAAFFC7ADB0992398272522660A136E10567377071C5">>},
 {<<"ssl_verify_fun">>, <<"FE4C190E8F37401D30167C8C405EDA19469F34577987C76DDE613E838BBC67F8">>},
 {<<"telemetry">>, <<"DAD9CE9D8EFFC621708F99EAC538EF1CBE05D6A874DD741DE2E689C47FEAFED5">>},
 {<<"tls_certificate_check">>, <<"3092BE0BABDC0E14C2E900542351E066C0FA5A9CF4B3597559AD1E67F07938C0">>}]}
].
