{"1.2.0",
[{<<"base64url">>,{pkg,<<"base64url">>,<<"1.0.1">>},1},
 {<<"cache_tab">>,{pkg,<<"cache_tab">>,<<"1.0.30">>},1},
 {<<"cowlib">>,{pkg,<<"cowlib">>,<<"2.12.1">>},1},
 {<<"eimp">>,{pkg,<<"eimp">>,<<"1.0.22">>},1},
 {<<"ejabberd">>,
  {git,"https://github.com/processone/ejabberd.git",
       {ref,"a57bdfffb715abd1334045bf7b33c113c1b46ca0"}},
  0},
 {<<"emqtt">>,
  {git,"https://github.com/emqx/emqtt.git",
       {ref,"1bff2ec3ec800798beb022643d1ee588dbaf70f4"}},
  0},
 {<<"erlang_uuid">>,
  {git,"https://github.com/avtobiff/erlang-uuid.git",
       {ref,"cb02a2039a9b29dd2eef0446039c9c6e164df9ef"}},
  0},
 {<<"erlog">>,
  {git,"https://github.com/rvirding/erlog.git",
       {ref,"26ac2415c673683d7c816e3168048be012c86735"}},
  0},
 {<<"ezlib">>,{pkg,<<"ezlib">>,<<"1.0.12">>},1},
 {<<"fast_tls">>,
  {git,"https://github.com/processone/fast_tls",
       {ref,"34e46e8a122e4dd83730eda1aa8b566ab55eea62"}},
  1},
 {<<"fast_xml">>,{pkg,<<"fast_xml">>,<<"1.1.49">>},1},
 {<<"fast_yaml">>,{pkg,<<"fast_yaml">>,<<"1.0.36">>},1},
 {<<"getopt">>,{pkg,<<"getopt">>,<<"1.0.2">>},1},
 {<<"gproc">>,{pkg,<<"gproc">>,<<"0.9.1">>},0},
 {<<"gun">>,
  {git,"https://github.com/emqx/gun",
       {ref,"4faea40b9a8ca1eac5288355f8202e0cea379d50"}},
  1},
 {<<"idna">>,{pkg,<<"idna">>,<<"6.0.0">>},1},
 {<<"jiffy">>,{pkg,<<"jiffy">>,<<"1.1.1">>},1},
 {<<"jose">>,{pkg,<<"jose">>,<<"1.11.5">>},1},
 {<<"mqtree">>,{pkg,<<"mqtree">>,<<"1.0.15">>},1},
 {<<"p1_acme">>,{pkg,<<"p1_acme">>,<<"1.0.22">>},1},
 {<<"p1_oauth2">>,{pkg,<<"p1_oauth2">>,<<"0.6.11">>},1},
 {<<"p1_utils">>,{pkg,<<"p1_utils">>,<<"1.0.25">>},1},
 {<<"pkix">>,{pkg,<<"pkix">>,<<"1.0.9">>},1},
 {<<"quickrand">>,
  {git,"https://github.com/okeuday/quickrand.git",
       {ref,"8c9204a5b6cc9462225adebf3636e1335e7d3589"}},
  0},
 {<<"stringprep">>,{pkg,<<"stringprep">>,<<"1.0.29">>},1},
 {<<"stun">>,{pkg,<<"stun">>,<<"1.2.10">>},1},
 {<<"unicode_util_compat">>,{pkg,<<"unicode_util_compat">>,<<"0.4.1">>},2},
 {<<"uuid">>,
  {git,"https://github.com/avtobiff/erlang-uuid.git",
       {ref,"cb02a2039a9b29dd2eef0446039c9c6e164df9ef"}},
  0},
 {<<"xmpp">>,
  {git,"https://github.com/processone/xmpp",
       {ref,"ded8be8c169487688b11130eda566b1377ab3301"}},
  1},
 {<<"yconf">>,{pkg,<<"yconf">>,<<"1.0.15">>},1}]}.
[
{pkg_hash,[
 {<<"base64url">>, <<"F8C7F2DA04CA9A5D0F5F50258F055E1D699F0E8BF4CFDB30B750865368403CF6">>},
 {<<"cache_tab">>, <<"6D35EECFB65FBE5FC85988503A27338D32DE01243F3FC8EA3EE7161AF08725A4">>},
 {<<"cowlib">>, <<"A9FA9A625F1D2025FE6B462CB865881329B5CAFF8F1854D1CBC9F9533F00E1E1">>},
 {<<"eimp">>, <<"FA9B376EF0B50E8455DB15C7C11DEA4522C6902E04412288AAB436D26335F6EB">>},
 {<<"ezlib">>, <<"FFE906BA10D03AAEE7977E1E0E81D9FFC3BB8B47FB9CD8E2E453507A2E56221F">>},
 {<<"fast_xml">>, <<"67D9BFCADD04EFD930E0EE1412B5EA09D3E791F1FDBD4D3E9A8C8F29F8BFED8C">>},
 {<<"fast_yaml">>, <<"65413A34A570FD4E205A460BA602E4EE7A682F35C22D2E1C839025DBF515105C">>},
 {<<"getopt">>, <<"33D9B44289FE7AD08627DDFE1D798E30B2DA0033B51DA1B3A2D64E72CD581D02">>},
 {<<"gproc">>, <<"F1DF0364423539CF0B80E8201C8B1839E229E5F9B3CCB944C5834626998F5B8C">>},
 {<<"idna">>, <<"689C46CBCDF3524C44D5F3DDE8001F364CD7608A99556D8FBD8239A5798D4C10">>},
 {<<"jiffy">>, <<"ACA10F47AA91697BF24AB9582C74E00E8E95474C7EF9F76D4F1A338D0F5DE21B">>},
 {<<"jose">>, <<"3BC2D75FFA5E2C941CA93E5696B54978323191988EB8D225C2E663DDFEFD515E">>},
 {<<"mqtree">>, <<"BC54D8B88698FDAEBC1E27A9AC43688B927E3DBC05BD5CEE4057E69A89A8CF17">>},
 {<<"p1_acme">>, <<"B40A8031EF0F4592E97E6A8E08E53DBD31A2198CB8377B249F0CAEA4F8025A1D">>},
 {<<"p1_oauth2">>, <<"96B4E85C08355720523C2F892011A81A07994D15C179CE4DD82D704FECAD15B2">>},
 {<<"p1_utils">>, <<"2D39B5015A567BBD2CC7033EEB93A7C60D8C84EFE1EF69A3473FAA07FA268187">>},
 {<<"pkix">>, <<"EB20B2715D71A23B4FE7E754DAE9281A964B51113D0BBA8ADF9DA72BF9D65AC2">>},
 {<<"stringprep">>, <<"02F23E8C3A219A3DFE40A22E908BECE3A2F68AF0FF599EA8A7B714ECB21E62EE">>},
 {<<"stun">>, <<"53F8BE69E14F9476DCAF1DFB626B9DAD2380F3FBA8FAF2C30BDF74311CFDC008">>},
 {<<"unicode_util_compat">>, <<"D869E4C68901DD9531385BB0C8C40444EBF624E60B6962D95952775CAC5E90CD">>},
 {<<"yconf">>, <<"E22998B3D7728270BDD06162A9515BD142B14FAE8927CBDBD3EF639C32AA6F7A">>}]},
{pkg_hash_ext,[
 {<<"base64url">>, <<"F9B3ADD4731A02A9B0410398B475B33E7566A695365237A6BDEE1BB447719F5C">>},
 {<<"cache_tab">>, <<"6D8A5E00D8F84C42627706A6DBEDB02E34D58495F3ED61935C8475CA0531CDA0">>},
 {<<"cowlib">>, <<"163B73F6367A7341B33C794C4E88E7DBFE6498AC42DCD69EF44C5BC5507C8DB0">>},
 {<<"eimp">>, <<"B3B9FFB1D9A5F4A2BA88AC418A819164932D9A9D3A2FC3D32CA338CE855C4392">>},
 {<<"ezlib">>, <<"30E94355FB42260AAB6E12582CB0C56BF233515E655C8AEAF48760E7561E4EBB">>},
 {<<"fast_xml">>, <<"01DA064D2F740818956961036637FEE2475C17BF8AAB9442217F90DC77883593">>},
 {<<"fast_yaml">>, <<"1ABE8F758FC2A86B08EDFF80BBC687CFD41EBC1412CFEC0EF4A0ACFCD032052F">>},
 {<<"getopt">>, <<"A0029AEA4322FB82A61F6876A6D9C66DC9878B6CB61FAA13DF3187384FD4EA26">>},
 {<<"gproc">>, <<"905088E32E72127ED9466F0BAC0D8E65704CA5E73EE5A62CB073C3117916D507">>},
 {<<"idna">>, <<"4BDD305EB64E18B0273864920695CB18D7A2021F31A11B9C5FBCD9A253F936E2">>},
 {<<"jiffy">>, <<"62E1F0581C3C19C33A725C781DFA88410D8BFF1BBAFC3885A2552286B4785C4C">>},
 {<<"jose">>, <<"DCD3B215BAFE02EA7C5B23DAFD3EB8062A5CD8F2D904FD9CAA323D37034AB384">>},
 {<<"mqtree">>, <<"294AC43C9B3D372E24EEEA56C259E19C655522DCFF64A55C401A639663B9D829">>},
 {<<"p1_acme">>, <<"C2B25A7B295A435DAC4F278A73D8417FF2B0020C45E1683504E8692EF03E2057">>},
 {<<"p1_oauth2">>, <<"9C3C6AE59382B9525473BB02A32949889808F33F95F6DB10594FD92ACD1F63DB">>},
 {<<"p1_utils">>, <<"9219214428F2C6E5D3187FF8EB9A8783695C2427420BE9A259840E07ADA32847">>},
 {<<"pkix">>, <<"DAAB2C09CDD4EDA05C9B45A5C00E994A1A5F27634929E1377E2E59B707103E3A">>},
 {<<"stringprep">>, <<"928EBA304C3006EB1512110EBD7B87DB163B00859A09375A1E4466152C6C462A">>},
 {<<"stun">>, <<"19D3EECBFCC6935F0880F8EF7E77FF373900C604092937A1ACDA166AE3FB40E9">>},
 {<<"unicode_util_compat">>, <<"1D1848C40487CDB0B30E8ED975E34E025860C02E419CB615D255849F3427439D">>},
 {<<"yconf">>, <<"7FF2AB24D3C9833842716B9AAAA01A8F96641A7695CBB701B03445C4DEF01117">>}]}
].
